
Microsoft Visual Studio Solution File, Format Version 12.00
# Visual Studio Version 16
VisualStudioVersion = 16.0.29905.134
MinimumVisualStudioVersion = 10.0.40219.1
Project("{FAE04EC0-301F-11D3-BF4B-00C04F79EFBC}") = "APICatalogo", "APICatalogo\APICatalogo.csproj", "{4B9A6A28-B759-4018-B479-E56E201DAF7F}"
EndProject
Global
	GlobalSection(SolutionConfigurationPlatforms) = preSolution
		Debug|Any CPU = Debug|Any CPU
		Release|Any CPU = Release|Any CPU
	EndGlobalSection
	GlobalSection(ProjectConfigurationPlatforms) = postSolution
		{4B9A6A28-B759-4018-B479-E56E201DAF7F}.Debug|Any CPU.ActiveCfg = Debug|Any CPU
		{4B9A6A28-B759-4018-B479-E56E201DAF7F}.Debug|Any CPU.Build.0 = Debug|Any CPU
		{4B9A6A28-B759-4018-B479-E56E201DAF7F}.Release|Any CPU.ActiveCfg = Release|Any CPU
		{4B9A6A28-B759-4018-B479-E56E201DAF7F}.Release|Any CPU.Build.0 = Release|Any CPU
	EndGlobalSection
	GlobalSection(SolutionProperties) = preSolution
		HideSolutionNode = FALSE
	EndGlobalSection
	GlobalSection(ExtensibilityGlobals) = postSolution
		SolutionGuid = {EA314123-B1AB-44BF-81DF-F30281B8CF6E}
	EndGlobalSection
EndGlobal
